
Microsoft Visual Studio Solution File, Format Version 12.00
# Visual Studio Version 16
VisualStudioVersion = 16.0.30717.126
MinimumVisualStudioVersion = 10.0.40219.1
Project("{FAE04EC0-301F-11D3-BF4B-00C04F79EFBC}") = "Blocnot", "Blocnot\Blocnot.csproj", "{A508004E-0AE2-471F-A3C0-0BD8BC342C67}"
EndProject
Project("{FAE04EC0-301F-11D3-BF4B-00C04F79EFBC}") = "FileManager.BL", "FileManager.BL\FileManager.BL.csproj", "{9532AD38-C6AD-4EEF-BE38-C0CA20DDC23E}"
EndProject
Global
	GlobalSection(SolutionConfigurationPlatforms) = preSolution
		Debug|Any CPU = Debug|Any CPU
		Release|Any CPU = Release|Any CPU
	EndGlobalSection
	GlobalSection(ProjectConfigurationPlatforms) = postSolution
		{A508004E-0AE2-471F-A3C0-0BD8BC342C67}.Debug|Any CPU.ActiveCfg = Debug|Any CPU
		{A508004E-0AE2-471F-A3C0-0BD8BC342C67}.Debug|Any CPU.Build.0 = Debug|Any CPU
		{A508004E-0AE2-471F-A3C0-0BD8BC342C67}.Release|Any CPU.ActiveCfg = Release|Any CPU
		{A508004E-0AE2-471F-A3C0-0BD8BC342C67}.Release|Any CPU.Build.0 = Release|Any CPU
		{9532AD38-C6AD-4EEF-BE38-C0CA20DDC23E}.Debug|Any CPU.ActiveCfg = Debug|Any CPU
		{9532AD38-C6AD-4EEF-BE38-C0CA20DDC23E}.Debug|Any CPU.Build.0 = Debug|Any CPU
		{9532AD38-C6AD-4EEF-BE38-C0CA20DDC23E}.Release|Any CPU.ActiveCfg = Release|Any CPU
		{9532AD38-C6AD-4EEF-BE38-C0CA20DDC23E}.Release|Any CPU.Build.0 = Release|Any CPU
	EndGlobalSection
	GlobalSection(SolutionProperties) = preSolution
		HideSolutionNode = FALSE
	EndGlobalSection
	GlobalSection(ExtensibilityGlobals) = postSolution
		SolutionGuid = {6E005627-81FB-4905-A71E-CC915D4DBB3E}
	EndGlobalSection
EndGlobal
